
Microsoft Visual Studio Solution File, Format Version 12.00
# Visual Studio Version 17
VisualStudioVersion = 17.0.32126.317
MinimumVisualStudioVersion = 10.0.40219.1
Project("{FAE04EC0-301F-11D3-BF4B-00C04F79EFBC}") = "MathQuiz", "MathQuiz\MathQuiz.csproj", "{82D8CCA0-F62B-4BD3-9E58-91C66F02EE63}"
EndProject
Global
	GlobalSection(SolutionConfigurationPlatforms) = preSolution
		Debug|Any CPU = Debug|Any CPU
		Release|Any CPU = Release|Any CPU
	EndGlobalSection
	GlobalSection(ProjectConfigurationPlatforms) = postSolution
		{82D8CCA0-F62B-4BD3-9E58-91C66F02EE63}.Debug|Any CPU.ActiveCfg = Debug|Any CPU
		{82D8CCA0-F62B-4BD3-9E58-91C66F02EE63}.Debug|Any CPU.Build.0 = Debug|Any CPU
		{82D8CCA0-F62B-4BD3-9E58-91C66F02EE63}.Release|Any CPU.ActiveCfg = Release|Any CPU
		{82D8CCA0-F62B-4BD3-9E58-91C66F02EE63}.Release|Any CPU.Build.0 = Release|Any CPU
	EndGlobalSection
	GlobalSection(SolutionProperties) = preSolution
		HideSolutionNode = FALSE
	EndGlobalSection
	GlobalSection(ExtensibilityGlobals) = postSolution
		SolutionGuid = {1F80C9C7-9725-4448-8E38-355501DD434B}
	EndGlobalSection
EndGlobal
